
Microsoft Visual Studio Solution File, Format Version 12.00
# Visual Studio 2013
VisualStudioVersion = 12.0.21005.1
MinimumVisualStudioVersion = 10.0.40219.1
Project("{8BC9CEB8-8B4A-11D0-8D11-00A0C91BC942}") = "4.5OJ", "4.5OJ\4.5OJ.vcxproj", "{3560D94E-1D95-4376-8DE5-87D13C5740DB}"
EndProject
Global
	GlobalSection(SolutionConfigurationPlatforms) = preSolution
		Debug|Win32 = Debug|Win32
		Release|Win32 = Release|Win32
	EndGlobalSection
	GlobalSection(ProjectConfigurationPlatforms) = postSolution
		{3560D94E-1D95-4376-8DE5-87D13C5740DB}.Debug|Win32.ActiveCfg = Debug|Win32
		{3560D94E-1D95-4376-8DE5-87D13C5740DB}.Debug|Win32.Build.0 = Debug|Win32
		{3560D94E-1D95-4376-8DE5-87D13C5740DB}.Release|Win32.ActiveCfg = Release|Win32
		{3560D94E-1D95-4376-8DE5-87D13C5740DB}.Release|Win32.Build.0 = Release|Win32
	EndGlobalSection
	GlobalSection(SolutionProperties) = preSolution
		HideSolutionNode = FALSE
	EndGlobalSection
EndGlobal
